// !$*UTF8*$!
{
	archiveVersion = 1;
	classes = {
	};
	objectVersion = 56;
	objects = {

/* Begin PBXBuildFile section */
		BD0DA6082C592E8D00A67445 /* HomeScreen.swift in Sources */ = {isa = PBXBuildFile; fileRef = BD0DA6072C592E8D00A67445 /* HomeScreen.swift */; };
		BD0DA60A2C59311000A67445 /* EndView.swift in Sources */ = {isa = PBXBuildFile; fileRef = BD0DA6092C59311000A67445 /* EndView.swift */; };
		BDD78E3F2C57D0D100C931C1 /* questionsApp.swift in Sources */ = {isa = PBXBuildFile; fileRef = BDD78E3E2C57D0D100C931C1 /* questionsApp.swift */; };
		BDD78E412C57D0D100C931C1 /* ContentView.swift in Sources */ = {isa = PBXBuildFile; fileRef = BDD78E402C57D0D100C931C1 /* ContentView.swift */; };
		BDD78E432C57D0D200C931C1 /* Assets.xcassets in Resources */ = {isa = PBXBuildFile; fileRef = BDD78E422C57D0D200C931C1 /* Assets.xcassets */; };
		BDD78E462C57D0D200C931C1 /* Preview Assets.xcassets in Resources */ = {isa = PBXBuildFile; fileRef = BDD78E452C57D0D200C931C1 /* Preview Assets.xcassets */; };
		BDD78E4D2C57D66600C931C1 /* question2View in Sources */ = {isa = PBXBuildFile; fileRef = BDD78E4C2C57D66600C931C1 /* question2View */; };
		BDD78E4F2C57D72000C931C1 /* Question2View.swift in Sources */ = {isa = PBXBuildFile; fileRef = BDD78E4E2C57D72000C931C1 /* Question2View.swift */; };
		BDD78E512C57D77D00C931C1 /* Question3View.swift in Sources */ = {isa = PBXBuildFile; fileRef = BDD78E502C57D77D00C931C1 /* Question3View.swift */; };
/* End PBXBuildFile section */

/* Begin PBXFileReference section */
		BD0DA6072C592E8D00A67445 /* HomeScreen.swift */ = {isa = PBXFileReference; lastKnownFileType = sourcecode.swift; path = HomeScreen.swift; sourceTree = "<group>"; };
		BD0DA6092C59311000A67445 /* EndView.swift */ = {isa = PBXFileReference; lastKnownFileType = sourcecode.swift; path = EndView.swift; sourceTree = "<group>"; };
		BDD78E3B2C57D0D100C931C1 /* questions.app */ = {isa = PBXFileReference; explicitFileType = wrapper.application; includeInIndex = 0; path = questions.app; sourceTree = BUILT_PRODUCTS_DIR; };
		BDD78E3E2C57D0D100C931C1 /* questionsApp.swift */ = {isa = PBXFileReference; lastKnownFileType = sourcecode.swift; path = questionsApp.swift; sourceTree = "<group>"; };
		BDD78E402C57D0D100C931C1 /* ContentView.swift */ = {isa = PBXFileReference; lastKnownFileType = sourcecode.swift; path = ContentView.swift; sourceTree = "<group>"; };
		BDD78E422C57D0D200C931C1 /* Assets.xcassets */ = {isa = PBXFileReference; lastKnownFileType = folder.assetcatalog; path = Assets.xcassets; sourceTree = "<group>"; };
		BDD78E452C57D0D200C931C1 /* Preview Assets.xcassets */ = {isa = PBXFileReference; lastKnownFileType = folder.assetcatalog; path = "Preview Assets.xcassets"; sourceTree = "<group>"; };
		BDD78E4C2C57D66600C931C1 /* question2View */ = {isa = PBXFileReference; lastKnownFileType = text; path = question2View; sourceTree = "<group>"; };
		BDD78E4E2C57D72000C931C1 /* Question2View.swift */ = {isa = PBXFileReference; lastKnownFileType = sourcecode.swift; path = Question2View.swift; sourceTree = "<group>"; };
		BDD78E502C57D77D00C931C1 /* Question3View.swift */ = {isa = PBXFileReference; lastKnownFileType = sourcecode.swift; path = Question3View.swift; sourceTree = "<group>"; };
/* End PBXFileReference section */

/* Begin PBXFrameworksBuildPhase section */
		BDD78E382C57D0D100C931C1 /* Frameworks */ = {
			isa = PBXFrameworksBuildPhase;
			buildActionMask = 2147483647;
			files = (
			);
			runOnlyForDeploymentPostprocessing = 0;
		};
/* End PBXFrameworksBuildPhase section */

/* Begin PBXGroup section */
		BDD78E322C57D0D100C931C1 = {
			isa = PBXGroup;
			children = (
				BDD78E3D2C57D0D100C931C1 /* questions */,
				BDD78E3C2C57D0D100C931C1 /* Products */,
			);
			sourceTree = "<group>";
		};
		BDD78E3C2C57D0D100C931C1 /* Products */ = {
			isa = PBXGroup;
			children = (
				BDD78E3B2C57D0D100C931C1 /* questions.app */,
			);
			name = Products;
			sourceTree = "<group>";
		};
		BDD78E3D2C57D0D100C931C1 /* questions */ = {
			isa = PBXGroup;
			children = (
				BDD78E3E2C57D0D100C931C1 /* questionsApp.swift */,
				BDD78E502C57D77D00C931C1 /* Question3View.swift */,
				BD0DA6092C59311000A67445 /* EndView.swift */,
				BDD78E402C57D0D100C931C1 /* ContentView.swift */,
				BD0DA6072C592E8D00A67445 /* HomeScreen.swift */,
				BDD78E4E2C57D72000C931C1 /* Question2View.swift */,
				BDD78E4C2C57D66600C931C1 /* question2View */,
				BDD78E422C57D0D200C931C1 /* Assets.xcassets */,
				BDD78E442C57D0D200C931C1 /* Preview Content */,
			);
			path = questions;
			sourceTree = "<group>";
		};
		BDD78E442C57D0D200C931C1 /* Preview Content */ = {
			isa = PBXGroup;
			children = (
				BDD78E452C57D0D200C931C1 /* Preview Assets.xcassets */,
			);
			path = "Preview Content";
			sourceTree = "<group>";
		};
/* End PBXGroup section */

/* Begin PBXNativeTarget section */
		BDD78E3A2C57D0D100C931C1 /* questions */ = {
			isa = PBXNativeTarget;
			buildConfigurationList = BDD78E492C57D0D200C931C1 /* Build configuration list for PBXNativeTarget "questions" */;
			buildPhases = (
				BDD78E372C57D0D100C931C1 /* Sources */,
				BDD78E382C57D0D100C931C1 /* Frameworks */,
				BDD78E392C57D0D100C931C1 /* Resources */,
			);
			buildRules = (
			);
			dependencies = (
			);
			name = questions;
			productName = questions;
			productReference = BDD78E3B2C57D0D100C931C1 /* questions.app */;
			productType = "com.apple.product-type.application";
		};
/* End PBXNativeTarget section */

/* Begin PBXProject section */
		BDD78E332C57D0D100C931C1 /* Project object */ = {
			isa = PBXProject;
			attributes = {
				BuildIndependentTargetsInParallel = 1;
				LastSwiftUpdateCheck = 1540;
				LastUpgradeCheck = 1540;
				TargetAttributes = {
					BDD78E3A2C57D0D100C931C1 = {
						CreatedOnToolsVersion = 15.4;
					};
				};
			};
			buildConfigurationList = BDD78E362C57D0D100C931C1 /* Build configuration list for PBXProject "questions" */;
			compatibilityVersion = "Xcode 14.0";
			developmentRegion = en;
			hasScannedForEncodings = 0;
			knownRegions = (
				en,
				Base,
			);
			mainGroup = BDD78E322C57D0D100C931C1;
			productRefGroup = BDD78E3C2C57D0D100C931C1 /* Products */;
			projectDirPath = "";
			projectRoot = "";
			targets = (
				BDD78E3A2C57D0D100C931C1 /* questions */,
			);
		};
/* End PBXProject section */

/* Begin PBXResourcesBuildPhase section */
		BDD78E392C57D0D100C931C1 /* Resources */ = {
			isa = PBXResourcesBuildPhase;
			buildActionMask = 2147483647;
			files = (
				BDD78E462C57D0D200C931C1 /* Preview Assets.xcassets in Resources */,
				BDD78E432C57D0D200C931C1 /* Assets.xcassets in Resources */,
			);
			runOnlyForDeploymentPostprocessing = 0;
		};
/* End PBXResourcesBuildPhase section */

/* Begin PBXSourcesBuildPhase section */
		BDD78E372C57D0D100C931C1 /* Sources */ = {
			isa = PBXSourcesBuildPhase;
			buildActionMask = 2147483647;
			files = (
				BDD78E512C57D77D00C931C1 /* Question3View.swift in Sources */,
				BDD78E412C57D0D100C931C1 /* ContentView.swift in Sources */,
				BD0DA6082C592E8D00A67445 /* HomeScreen.swift in Sources */,
				BDD78E4D2C57D66600C931C1 /* question2View in Sources */,
				BDD78E3F2C57D0D100C931C1 /* questionsApp.swift in Sources */,
				BD0DA60A2C59311000A67445 /* EndView.swift in Sources */,
				BDD78E4F2C57D72000C931C1 /* Question2View.swift in Sources */,
			);
			runOnlyForDeploymentPostprocessing = 0;
		};
/* End PBXSourcesBuildPhase section */

/* Begin XCBuildConfiguration section */
		BDD78E472C57D0D200C931C1 /* Debug */ = {
			isa = XCBuildConfiguration;
			buildSettings = {
				ALWAYS_SEARCH_USER_PATHS = NO;
				ASSETCATALOG_COMPILER_GENERATE_SWIFT_ASSET_SYMBOL_EXTENSIONS = YES;
				CLANG_ANALYZER_NONNULL = YES;
				CLANG_ANALYZER_NUMBER_OBJECT_CONVERSION = YES_AGGRESSIVE;
				CLANG_CXX_LANGUAGE_STANDARD = "gnu++20";
				CLANG_ENABLE_MODULES = YES;
				CLANG_ENABLE_OBJC_ARC = YES;
				CLANG_ENABLE_OBJC_WEAK = YES;
				CLANG_WARN_BLOCK_CAPTURE_AUTORELEASING = YES;
				CLANG_WARN_BOOL_CONVERSION = YES;
				CLANG_WARN_COMMA = YES;
				CLANG_WARN_CONSTANT_CONVERSION = YES;
				CLANG_WARN_DEPRECATED_OBJC_IMPLEMENTATIONS = YES;
				CLANG_WARN_DIRECT_OBJC_ISA_USAGE = YES_ERROR;
				CLANG_WARN_DOCUMENTATION_COMMENTS = YES;
				CLANG_WARN_EMPTY_BODY = YES;
				CLANG_WARN_ENUM_CONVERSION = YES;
				CLANG_WARN_INFINITE_RECURSION = YES;
				CLANG_WARN_INT_CONVERSION = YES;
				CLANG_WARN_NON_LITERAL_NULL_CONVERSION = YES;
				CLANG_WARN_OBJC_IMPLICIT_RETAIN_SELF = YES;
				CLANG_WARN_OBJC_LITERAL_CONVERSION = YES;
				CLANG_WARN_OBJC_ROOT_CLASS = YES_ERROR;
				CLANG_WARN_QUOTED_INCLUDE_IN_FRAMEWORK_HEADER = YES;
				CLANG_WARN_RANGE_LOOP_ANALYSIS = YES;
				CLANG_WARN_STRICT_PROTOTYPES = YES;
				CLANG_WARN_SUSPICIOUS_MOVE = YES;
				CLANG_WARN_UNGUARDED_AVAILABILITY = YES_AGGRESSIVE;
				CLANG_WARN_UNREACHABLE_CODE = YES;
				CLANG_WARN__DUPLICATE_METHOD_MATCH = YES;
				COPY_PHASE_STRIP = NO;
				DEBUG_INFORMATION_FORMAT = dwarf;
				ENABLE_STRICT_OBJC_MSGSEND = YES;
				ENABLE_TESTABILITY = YES;
				ENABLE_USER_SCRIPT_SANDBOXING = YES;
				GCC_C_LANGUAGE_STANDARD = gnu17;
				GCC_DYNAMIC_NO_PIC = NO;
				GCC_NO_COMMON_BLOCKS = YES;
				GCC_OPTIMIZATION_LEVEL = 0;
				GCC_PREPROCESSOR_DEFINITIONS = (
					"DEBUG=1",
					"$(inherited)",
				);
				GCC_WARN_64_TO_32_BIT_CONVERSION = YES;
				GCC_WARN_ABOUT_RETURN_TYPE = YES_ERROR;
				GCC_WARN_UNDECLARED_SELECTOR = YES;
				GCC_WARN_UNINITIALIZED_AUTOS = YES_AGGRESSIVE;
				GCC_WARN_UNUSED_FUNCTION = YES;
				GCC_WARN_UNUSED_VARIABLE = YES;
				IPHONEOS_DEPLOYMENT_TARGET = 17.5;
				LOCALIZATION_PREFERS_STRING_CATALOGS = YES;
				MTL_ENABLE_DEBUG_INFO = INCLUDE_SOURCE;
				MTL_FAST_MATH = YES;
				ONLY_ACTIVE_ARCH = YES;
				SDKROOT = iphoneos;
				SWIFT_ACTIVE_COMPILATION_CONDITIONS = "DEBUG $(inherited)";
				SWIFT_OPTIMIZATION_LEVEL = "-Onone";
			};
			name = Debug;
		};
		BDD78E482C57D0D200C931C1 /* Release */ = {
			isa = XCBuildConfiguration;
			buildSettings = {
				ALWAYS_SEARCH_USER_PATHS = NO;
				ASSETCATALOG_COMPILER_GENERATE_SWIFT_ASSET_SYMBOL_EXTENSIONS = YES;
				CLANG_ANALYZER_NONNULL = YES;
				CLANG_ANALYZER_NUMBER_OBJECT_CONVERSION = YES_AGGRESSIVE;
				CLANG_CXX_LANGUAGE_STANDARD = "gnu++20";
				CLANG_ENABLE_MODULES = YES;
				CLANG_ENABLE_OBJC_ARC = YES;
				CLANG_ENABLE_OBJC_WEAK = YES;
				CLANG_WARN_BLOCK_CAPTURE_AUTORELEASING = YES;
				CLANG_WARN_BOOL_CONVERSION = YES;
				CLANG_WARN_COMMA = YES;
				CLANG_WARN_CONSTANT_CONVERSION = YES;
				CLANG_WARN_DEPRECATED_OBJC_IMPLEMENTATIONS = YES;
				CLANG_WARN_DIRECT_OBJC_ISA_USAGE = YES_ERROR;
				CLANG_WARN_DOCUMENTATION_COMMENTS = YES;
				CLANG_WARN_EMPTY_BODY = YES;
				CLANG_WARN_ENUM_CONVERSION = YES;
				CLANG_WARN_INFINITE_RECURSION = YES;
				CLANG_WARN_INT_CONVERSION = YES;
				CLANG_WARN_NON_LITERAL_NULL_CONVERSION = YES;
				CLANG_WARN_OBJC_IMPLICIT_RETAIN_SELF = YES;
				CLANG_WARN_OBJC_LITERAL_CONVERSION = YES;
				CLANG_WARN_OBJC_ROOT_CLASS = YES_ERROR;
				CLANG_WARN_QUOTED_INCLUDE_IN_FRAMEWORK_HEADER = YES;
				CLANG_WARN_RANGE_LOOP_ANALYSIS = YES;
				CLANG_WARN_STRICT_PROTOTYPES = YES;
				CLANG_WARN_SUSPICIOUS_MOVE = YES;
				CLANG_WARN_UNGUARDED_AVAILABILITY = YES_AGGRESSIVE;
				CLANG_WARN_UNREACHABLE_CODE = YES;
				CLANG_WARN__DUPLICATE_METHOD_MATCH = YES;
				COPY_PHASE_STRIP = NO;
				DEBUG_INFORMATION_FORMAT = "dwarf-with-dsym";
				ENABLE_NS_ASSERTIONS = NO;
				ENABLE_STRICT_OBJC_MSGSEND = YES;
				ENABLE_USER_SCRIPT_SANDBOXING = YES;
				GCC_C_LANGUAGE_STANDARD = gnu17;
				GCC_NO_COMMON_BLOCKS = YES;
				GCC_WARN_64_TO_32_BIT_CONVERSION = YES;
				GCC_WARN_ABOUT_RETURN_TYPE = YES_ERROR;
				GCC_WARN_UNDECLARED_SELECTOR = YES;
				GCC_WARN_UNINITIALIZED_AUTOS = YES_AGGRESSIVE;
				GCC_WARN_UNUSED_FUNCTION = YES;
				GCC_WARN_UNUSED_VARIABLE = YES;
				IPHONEOS_DEPLOYMENT_TARGET = 17.5;
				LOCALIZATION_PREFERS_STRING_CATALOGS = YES;
				MTL_ENABLE_DEBUG_INFO = NO;
				MTL_FAST_MATH = YES;
				SDKROOT = iphoneos;
				SWIFT_COMPILATION_MODE = wholemodule;
				VALIDATE_PRODUCT = YES;
			};
			name = Release;
		};
		BDD78E4A2C57D0D200C931C1 /* Debug */ = {
			isa = XCBuildConfiguration;
			buildSettings = {
				ASSETCATALOG_COMPILER_APPICON_NAME = AppIcon;
				ASSETCATALOG_COMPILER_GLOBAL_ACCENT_COLOR_NAME = AccentColor;
				CODE_SIGN_STYLE = Automatic;
				CURRENT_PROJECT_VERSION = 1;
				DEVELOPMENT_ASSET_PATHS = "\"questions/Preview Content\"";
				ENABLE_PREVIEWS = YES;
				GENERATE_INFOPLIST_FILE = YES;
				INFOPLIST_KEY_UIApplicationSceneManifest_Generation = YES;
				INFOPLIST_KEY_UIApplicationSupportsIndirectInputEvents = YES;
				INFOPLIST_KEY_UILaunchScreen_Generation = YES;
				INFOPLIST_KEY_UISupportedInterfaceOrientations_iPad = "UIInterfaceOrientationPortrait UIInterfaceOrientationPortraitUpsideDown UIInterfaceOrientationLandscapeLeft UIInterfaceOrientationLandscapeRight";
				INFOPLIST_KEY_UISupportedInterfaceOrientations_iPhone = "UIInterfaceOrientationPortrait UIInterfaceOrientationLandscapeLeft UIInterfaceOrientationLandscapeRight";
				LD_RUNPATH_SEARCH_PATHS = (
					"$(inherited)",
					"@executable_path/Frameworks",
				);
				MARKETING_VERSION = 1.0;
				PRODUCT_BUNDLE_IDENTIFIER = kwk.questions;
				PRODUCT_NAME = "$(TARGET_NAME)";
				SWIFT_EMIT_LOC_STRINGS = YES;
				SWIFT_VERSION = 5.0;
				TARGETED_DEVICE_FAMILY = "1,2";
			};
			name = Debug;
		};
		BDD78E4B2C57D0D200C931C1 /* Release */ = {
			isa = XCBuildConfiguration;
			buildSettings = {
				ASSETCATALOG_COMPILER_APPICON_NAME = AppIcon;
				ASSETCATALOG_COMPILER_GLOBAL_ACCENT_COLOR_NAME = AccentColor;
				CODE_SIGN_STYLE = Automatic;
				CURRENT_PROJECT_VERSION = 1;
				DEVELOPMENT_ASSET_PATHS = "\"questions/Preview Content\"";
				ENABLE_PREVIEWS = YES;
				GENERATE_INFOPLIST_FILE = YES;
				INFOPLIST_KEY_UIApplicationSceneManifest_Generation = YES;
				INFOPLIST_KEY_UIApplicationSupportsIndirectInputEvents = YES;
				INFOPLIST_KEY_UILaunchScreen_Generation = YES;
				INFOPLIST_KEY_UISupportedInterfaceOrientations_iPad = "UIInterfaceOrientationPortrait UIInterfaceOrientationPortraitUpsideDown UIInterfaceOrientationLandscapeLeft UIInterfaceOrientationLandscapeRight";
				INFOPLIST_KEY_UISupportedInterfaceOrientations_iPhone = "UIInterfaceOrientationPortrait UIInterfaceOrientationLandscapeLeft UIInterfaceOrientationLandscapeRight";
				LD_RUNPATH_SEARCH_PATHS = (
					"$(inherited)",
					"@executable_path/Frameworks",
				);
				MARKETING_VERSION = 1.0;
				PRODUCT_BUNDLE_IDENTIFIER = kwk.questions;
				PRODUCT_NAME = "$(TARGET_NAME)";
				SWIFT_EMIT_LOC_STRINGS = YES;
				SWIFT_VERSION = 5.0;
				TARGETED_DEVICE_FAMILY = "1,2";
			};
			name = Release;
		};
/* End XCBuildConfiguration section */

/* Begin XCConfigurationList section */
		BDD78E362C57D0D100C931C1 /* Build configuration list for PBXProject "questions" */ = {
			isa = XCConfigurationList;
			buildConfigurations = (
				BDD78E472C57D0D200C931C1 /* Debug */,
				BDD78E482C57D0D200C931C1 /* Release */,
			);
			defaultConfigurationIsVisible = 0;
			defaultConfigurationName = Release;
		};
		BDD78E492C57D0D200C931C1 /* Build configuration list for PBXNativeTarget "questions" */ = {
			isa = XCConfigurationList;
			buildConfigurations = (
				BDD78E4A2C57D0D200C931C1 /* Debug */,
				BDD78E4B2C57D0D200C931C1 /* Release */,
			);
			defaultConfigurationIsVisible = 0;
			defaultConfigurationName = Release;
		};
/* End XCConfigurationList section */
	};
	rootObject = BDD78E332C57D0D100C931C1 /* Project object */;
}
